
Microsoft Visual Studio Solution File, Format Version 12.00
Project("{2150E333-8FDC-42A3-9474-1A3956D46DE8}") = "src", "src", "{5AF4A587-CAC7-482B-A2C5-ED2625FCC3F8}"
EndProject
Project("{2150E333-8FDC-42A3-9474-1A3956D46DE8}") = "Building Blocks", "Building Blocks", "{8A87A997-045F-4F5D-8BEF-3CFC9C4079A4}"
EndProject
Project("{2150E333-8FDC-42A3-9474-1A3956D46DE8}") = "Services", "Services", "{665B0F25-0F49-4844-9025-D929CD64434E}"
EndProject
Project("{2150E333-8FDC-42A3-9474-1A3956D46DE8}") = "Web", "Web", "{FBB8FA51-D052-4536-AC66-EAC691275455}"
EndProject
Project("{2150E333-8FDC-42A3-9474-1A3956D46DE8}") = "Identity", "Identity", "{084DC123-034F-43A1-BF4C-6920B3A6D063}"
EndProject
Project("{FAE04EC0-301F-11D3-BF4B-00C04F79EFBC}") = "NS.Identity.API", "src\services\Identity\NS.Identity.API\NS.Identity.API.csproj", "{4CF465E1-F2E6-4F2F-8699-5A417FE189B6}"
EndProject
Project("{2150E333-8FDC-42A3-9474-1A3956D46DE8}") = "MVC", "MVC", "{7FB58C18-CFFA-4326-A4E5-A0FA8BC78258}"
EndProject
Project("{FAE04EC0-301F-11D3-BF4B-00C04F79EFBC}") = "NS.WebApp.MVC", "src\web\NS.WebApp.MVC\NS.WebApp.MVC.csproj", "{85CC25F9-0C2E-4774-BB0A-7F15FADA0C10}"
EndProject
Project("{2150E333-8FDC-42A3-9474-1A3956D46DE8}") = "Core", "Core", "{9890E120-92EA-4D8F-B62C-1F3CD9BBC80C}"
EndProject
Project("{FAE04EC0-301F-11D3-BF4B-00C04F79EFBC}") = "NS.Core", "src\building blocks\NS.Core\NS.Core.csproj", "{149F0637-2C10-40AB-AB5D-6C57CF4C54C1}"
EndProject
Project("{2150E333-8FDC-42A3-9474-1A3956D46DE8}") = "Cart", "Cart", "{83CDC084-EC81-4069-AD36-2C8326228F10}"
EndProject
Project("{2150E333-8FDC-42A3-9474-1A3956D46DE8}") = "Catalog", "Catalog", "{6354D29F-EA9E-46D2-B3DF-953901F5979D}"
EndProject
Project("{2150E333-8FDC-42A3-9474-1A3956D46DE8}") = "Client", "Client", "{A14FE467-2FE2-4155-8312-C6E98165D2F8}"
EndProject
Project("{2150E333-8FDC-42A3-9474-1A3956D46DE8}") = "Payment", "Payment", "{DA30456E-3440-4FF5-8116-7C1242E96E7E}"
EndProject
Project("{2150E333-8FDC-42A3-9474-1A3956D46DE8}") = "Order", "Order", "{3883FAB1-5C6D-4CC0-815D-7141B1E06695}"
EndProject
Project("{FAE04EC0-301F-11D3-BF4B-00C04F79EFBC}") = "NS.Cart.API", "src\services\NS.Cart.API\NS.Cart.API.csproj", "{E07F5734-E0A6-4097-81FC-CFA213E874F7}"
EndProject
Project("{FAE04EC0-301F-11D3-BF4B-00C04F79EFBC}") = "NS.Catalog.API", "src\services\NS.Catalog.API\NS.Catalog.API.csproj", "{3A7850A7-92EA-4970-93DD-CAE95BA3A6CF}"
EndProject
Project("{FAE04EC0-301F-11D3-BF4B-00C04F79EFBC}") = "NS.Client.API", "src\services\NS.Client.API\NS.Client.API.csproj", "{6F553F2C-8875-4B7A-AD92-80FF89969384}"
EndProject
Project("{FAE04EC0-301F-11D3-BF4B-00C04F79EFBC}") = "NS.Order.API", "src\services\NS.Order.API\NS.Order.API.csproj", "{90CD48FC-A0F3-4EDF-B08E-72CE68F06048}"
EndProject
Project("{FAE04EC0-301F-11D3-BF4B-00C04F79EFBC}") = "NS.Payment.API", "src\services\NS.Payment.API\NS.Payment.API.csproj", "{6B1B3A7B-C111-48E6-A7AC-846D9DE109DC}"
EndProject
Global
	GlobalSection(SolutionConfigurationPlatforms) = preSolution
		Debug|Any CPU = Debug|Any CPU
		Release|Any CPU = Release|Any CPU
	EndGlobalSection
	GlobalSection(NestedProjects) = preSolution
		{8A87A997-045F-4F5D-8BEF-3CFC9C4079A4} = {5AF4A587-CAC7-482B-A2C5-ED2625FCC3F8}
		{665B0F25-0F49-4844-9025-D929CD64434E} = {5AF4A587-CAC7-482B-A2C5-ED2625FCC3F8}
		{FBB8FA51-D052-4536-AC66-EAC691275455} = {5AF4A587-CAC7-482B-A2C5-ED2625FCC3F8}
		{084DC123-034F-43A1-BF4C-6920B3A6D063} = {665B0F25-0F49-4844-9025-D929CD64434E}
		{4CF465E1-F2E6-4F2F-8699-5A417FE189B6} = {084DC123-034F-43A1-BF4C-6920B3A6D063}
		{7FB58C18-CFFA-4326-A4E5-A0FA8BC78258} = {FBB8FA51-D052-4536-AC66-EAC691275455}
		{85CC25F9-0C2E-4774-BB0A-7F15FADA0C10} = {7FB58C18-CFFA-4326-A4E5-A0FA8BC78258}
		{9890E120-92EA-4D8F-B62C-1F3CD9BBC80C} = {8A87A997-045F-4F5D-8BEF-3CFC9C4079A4}
		{149F0637-2C10-40AB-AB5D-6C57CF4C54C1} = {9890E120-92EA-4D8F-B62C-1F3CD9BBC80C}
		{83CDC084-EC81-4069-AD36-2C8326228F10} = {665B0F25-0F49-4844-9025-D929CD64434E}
		{6354D29F-EA9E-46D2-B3DF-953901F5979D} = {665B0F25-0F49-4844-9025-D929CD64434E}
		{A14FE467-2FE2-4155-8312-C6E98165D2F8} = {665B0F25-0F49-4844-9025-D929CD64434E}
		{DA30456E-3440-4FF5-8116-7C1242E96E7E} = {665B0F25-0F49-4844-9025-D929CD64434E}
		{3883FAB1-5C6D-4CC0-815D-7141B1E06695} = {665B0F25-0F49-4844-9025-D929CD64434E}
		{E07F5734-E0A6-4097-81FC-CFA213E874F7} = {83CDC084-EC81-4069-AD36-2C8326228F10}
		{3A7850A7-92EA-4970-93DD-CAE95BA3A6CF} = {6354D29F-EA9E-46D2-B3DF-953901F5979D}
		{6F553F2C-8875-4B7A-AD92-80FF89969384} = {A14FE467-2FE2-4155-8312-C6E98165D2F8}
		{90CD48FC-A0F3-4EDF-B08E-72CE68F06048} = {3883FAB1-5C6D-4CC0-815D-7141B1E06695}
		{6B1B3A7B-C111-48E6-A7AC-846D9DE109DC} = {DA30456E-3440-4FF5-8116-7C1242E96E7E}
	EndGlobalSection
	GlobalSection(ProjectConfigurationPlatforms) = postSolution
		{4CF465E1-F2E6-4F2F-8699-5A417FE189B6}.Debug|Any CPU.ActiveCfg = Debug|Any CPU
		{4CF465E1-F2E6-4F2F-8699-5A417FE189B6}.Debug|Any CPU.Build.0 = Debug|Any CPU
		{4CF465E1-F2E6-4F2F-8699-5A417FE189B6}.Release|Any CPU.ActiveCfg = Release|Any CPU
		{4CF465E1-F2E6-4F2F-8699-5A417FE189B6}.Release|Any CPU.Build.0 = Release|Any CPU
		{85CC25F9-0C2E-4774-BB0A-7F15FADA0C10}.Debug|Any CPU.ActiveCfg = Debug|Any CPU
		{85CC25F9-0C2E-4774-BB0A-7F15FADA0C10}.Debug|Any CPU.Build.0 = Debug|Any CPU
		{85CC25F9-0C2E-4774-BB0A-7F15FADA0C10}.Release|Any CPU.ActiveCfg = Release|Any CPU
		{85CC25F9-0C2E-4774-BB0A-7F15FADA0C10}.Release|Any CPU.Build.0 = Release|Any CPU
		{149F0637-2C10-40AB-AB5D-6C57CF4C54C1}.Debug|Any CPU.ActiveCfg = Debug|Any CPU
		{149F0637-2C10-40AB-AB5D-6C57CF4C54C1}.Debug|Any CPU.Build.0 = Debug|Any CPU
		{149F0637-2C10-40AB-AB5D-6C57CF4C54C1}.Release|Any CPU.ActiveCfg = Release|Any CPU
		{149F0637-2C10-40AB-AB5D-6C57CF4C54C1}.Release|Any CPU.Build.0 = Release|Any CPU
		{E07F5734-E0A6-4097-81FC-CFA213E874F7}.Debug|Any CPU.ActiveCfg = Debug|Any CPU
		{E07F5734-E0A6-4097-81FC-CFA213E874F7}.Debug|Any CPU.Build.0 = Debug|Any CPU
		{E07F5734-E0A6-4097-81FC-CFA213E874F7}.Release|Any CPU.ActiveCfg = Release|Any CPU
		{E07F5734-E0A6-4097-81FC-CFA213E874F7}.Release|Any CPU.Build.0 = Release|Any CPU
		{3A7850A7-92EA-4970-93DD-CAE95BA3A6CF}.Debug|Any CPU.ActiveCfg = Debug|Any CPU
		{3A7850A7-92EA-4970-93DD-CAE95BA3A6CF}.Debug|Any CPU.Build.0 = Debug|Any CPU
		{3A7850A7-92EA-4970-93DD-CAE95BA3A6CF}.Release|Any CPU.ActiveCfg = Release|Any CPU
		{3A7850A7-92EA-4970-93DD-CAE95BA3A6CF}.Release|Any CPU.Build.0 = Release|Any CPU
		{6F553F2C-8875-4B7A-AD92-80FF89969384}.Debug|Any CPU.ActiveCfg = Debug|Any CPU
		{6F553F2C-8875-4B7A-AD92-80FF89969384}.Debug|Any CPU.Build.0 = Debug|Any CPU
		{6F553F2C-8875-4B7A-AD92-80FF89969384}.Release|Any CPU.ActiveCfg = Release|Any CPU
		{6F553F2C-8875-4B7A-AD92-80FF89969384}.Release|Any CPU.Build.0 = Release|Any CPU
		{90CD48FC-A0F3-4EDF-B08E-72CE68F06048}.Debug|Any CPU.ActiveCfg = Debug|Any CPU
		{90CD48FC-A0F3-4EDF-B08E-72CE68F06048}.Debug|Any CPU.Build.0 = Debug|Any CPU
		{90CD48FC-A0F3-4EDF-B08E-72CE68F06048}.Release|Any CPU.ActiveCfg = Release|Any CPU
		{90CD48FC-A0F3-4EDF-B08E-72CE68F06048}.Release|Any CPU.Build.0 = Release|Any CPU
		{6B1B3A7B-C111-48E6-A7AC-846D9DE109DC}.Debug|Any CPU.ActiveCfg = Debug|Any CPU
		{6B1B3A7B-C111-48E6-A7AC-846D9DE109DC}.Debug|Any CPU.Build.0 = Debug|Any CPU
		{6B1B3A7B-C111-48E6-A7AC-846D9DE109DC}.Release|Any CPU.ActiveCfg = Release|Any CPU
		{6B1B3A7B-C111-48E6-A7AC-846D9DE109DC}.Release|Any CPU.Build.0 = Release|Any CPU
	EndGlobalSection
EndGlobal
